// !$*UTF8*$!
{
	archiveVersion = 1;
	classes = {
	};
	objectVersion = 52;
	objects = {

/* Begin PBXBuildFile section */
		ACACED1025A85BE0004AB81F /* SwiftUI_RealmApp.swift in Sources */ = {isa = PBXBuildFile; fileRef = ACACED0F25A85BE0004AB81F /* SwiftUI_RealmApp.swift */; };
		ACACED1225A85BE0004AB81F /* ContentView.swift in Sources */ = {isa = PBXBuildFile; fileRef = ACACED1125A85BE0004AB81F /* ContentView.swift */; };
		ACACED1425A85BE2004AB81F /* Assets.xcassets in Resources */ = {isa = PBXBuildFile; fileRef = ACACED1325A85BE2004AB81F /* Assets.xcassets */; };
		ACACED1725A85BE2004AB81F /* Preview Assets.xcassets in Resources */ = {isa = PBXBuildFile; fileRef = ACACED1625A85BE2004AB81F /* Preview Assets.xcassets */; };
		ACACED2125A85F4B004AB81F /* RealmSwift in Frameworks */ = {isa = PBXBuildFile; productRef = ACACED2025A85F4B004AB81F /* RealmSwift */; };
		ACACED2325A85F4B004AB81F /* Realm in Frameworks */ = {isa = PBXBuildFile; productRef = ACACED2225A85F4B004AB81F /* Realm */; };
		ACACED2925A85FF2004AB81F /* Home.swift in Sources */ = {isa = PBXBuildFile; fileRef = ACACED2825A85FF2004AB81F /* Home.swift */; };
		ACACED2C25A861C5004AB81F /* Detail.swift in Sources */ = {isa = PBXBuildFile; fileRef = ACACED2B25A861C5004AB81F /* Detail.swift */; };
		ACACED2F25A8627F004AB81F /* DBViewModel.swift in Sources */ = {isa = PBXBuildFile; fileRef = ACACED2E25A8627F004AB81F /* DBViewModel.swift */; };
		ACACED3225A868BF004AB81F /* Card.swift in Sources */ = {isa = PBXBuildFile; fileRef = ACACED3125A868BF004AB81F /* Card.swift */; };
/* End PBXBuildFile section */

/* Begin PBXFileReference section */
		ACACED0C25A85BE0004AB81F /* SwiftUI-Realm.app */ = {isa = PBXFileReference; explicitFileType = wrapper.application; includeInIndex = 0; path = "SwiftUI-Realm.app"; sourceTree = BUILT_PRODUCTS_DIR; };
		ACACED0F25A85BE0004AB81F /* SwiftUI_RealmApp.swift */ = {isa = PBXFileReference; lastKnownFileType = sourcecode.swift; path = SwiftUI_RealmApp.swift; sourceTree = "<group>"; };
		ACACED1125A85BE0004AB81F /* ContentView.swift */ = {isa = PBXFileReference; lastKnownFileType = sourcecode.swift; path = ContentView.swift; sourceTree = "<group>"; };
		ACACED1325A85BE2004AB81F /* Assets.xcassets */ = {isa = PBXFileReference; lastKnownFileType = folder.assetcatalog; path = Assets.xcassets; sourceTree = "<group>"; };
		ACACED1625A85BE2004AB81F /* Preview Assets.xcassets */ = {isa = PBXFileReference; lastKnownFileType = folder.assetcatalog; path = "Preview Assets.xcassets"; sourceTree = "<group>"; };
		ACACED1825A85BE2004AB81F /* Info.plist */ = {isa = PBXFileReference; lastKnownFileType = text.plist.xml; path = Info.plist; sourceTree = "<group>"; };
		ACACED2825A85FF2004AB81F /* Home.swift */ = {isa = PBXFileReference; lastKnownFileType = sourcecode.swift; path = Home.swift; sourceTree = "<group>"; };
		ACACED2B25A861C5004AB81F /* Detail.swift */ = {isa = PBXFileReference; lastKnownFileType = sourcecode.swift; path = Detail.swift; sourceTree = "<group>"; };
		ACACED2E25A8627F004AB81F /* DBViewModel.swift */ = {isa = PBXFileReference; lastKnownFileType = sourcecode.swift; path = DBViewModel.swift; sourceTree = "<group>"; };
		ACACED3125A868BF004AB81F /* Card.swift */ = {isa = PBXFileReference; lastKnownFileType = sourcecode.swift; path = Card.swift; sourceTree = "<group>"; };
/* End PBXFileReference section */

/* Begin PBXFrameworksBuildPhase section */
		ACACED0925A85BE0004AB81F /* Frameworks */ = {
			isa = PBXFrameworksBuildPhase;
			buildActionMask = 2147483647;
			files = (
				ACACED2325A85F4B004AB81F /* Realm in Frameworks */,
				ACACED2125A85F4B004AB81F /* RealmSwift in Frameworks */,
			);
			runOnlyForDeploymentPostprocessing = 0;
		};
/* End PBXFrameworksBuildPhase section */

/* Begin PBXGroup section */
		ACACED0325A85BE0004AB81F = {
			isa = PBXGroup;
			children = (
				ACACED0E25A85BE0004AB81F /* SwiftUI-Realm */,
				ACACED0D25A85BE0004AB81F /* Products */,
			);
			sourceTree = "<group>";
		};
		ACACED0D25A85BE0004AB81F /* Products */ = {
			isa = PBXGroup;
			children = (
				ACACED0C25A85BE0004AB81F /* SwiftUI-Realm.app */,
			);
			name = Products;
			sourceTree = "<group>";
		};
		ACACED0E25A85BE0004AB81F /* SwiftUI-Realm */ = {
			isa = PBXGroup;
			children = (
				ACACED0F25A85BE0004AB81F /* SwiftUI_RealmApp.swift */,
				ACACED2725A85FE2004AB81F /* ViewModel */,
				ACACED2625A85FDE004AB81F /* Model */,
				ACACED2525A85FD9004AB81F /* View */,
				ACACED1325A85BE2004AB81F /* Assets.xcassets */,
				ACACED1825A85BE2004AB81F /* Info.plist */,
				ACACED1525A85BE2004AB81F /* Preview Content */,
			);
			path = "SwiftUI-Realm";
			sourceTree = "<group>";
		};
		ACACED1525A85BE2004AB81F /* Preview Content */ = {
			isa = PBXGroup;
			children = (
				ACACED1625A85BE2004AB81F /* Preview Assets.xcassets */,
			);
			path = "Preview Content";
			sourceTree = "<group>";
		};
		ACACED2525A85FD9004AB81F /* View */ = {
			isa = PBXGroup;
			children = (
				ACACED1125A85BE0004AB81F /* ContentView.swift */,
				ACACED2825A85FF2004AB81F /* Home.swift */,
				ACACED2B25A861C5004AB81F /* Detail.swift */,
			);
			path = View;
			sourceTree = "<group>";
		};
		ACACED2625A85FDE004AB81F /* Model */ = {
			isa = PBXGroup;
			children = (
				ACACED3125A868BF004AB81F /* Card.swift */,
			);
			path = Model;
			sourceTree = "<group>";
		};
		ACACED2725A85FE2004AB81F /* ViewModel */ = {
			isa = PBXGroup;
			children = (
				ACACED2E25A8627F004AB81F /* DBViewModel.swift */,
			);
			path = ViewModel;
			sourceTree = "<group>";
		};
/* End PBXGroup section */

/* Begin PBXNativeTarget section */
		ACACED0B25A85BE0004AB81F /* SwiftUI-Realm */ = {
			isa = PBXNativeTarget;
			buildConfigurationList = ACACED1B25A85BE2004AB81F /* Build configuration list for PBXNativeTarget "SwiftUI-Realm" */;
			buildPhases = (
				ACACED0825A85BE0004AB81F /* Sources */,
				ACACED0925A85BE0004AB81F /* Frameworks */,
				ACACED0A25A85BE0004AB81F /* Resources */,
			);
			buildRules = (
			);
			dependencies = (
			);
			name = "SwiftUI-Realm";
			packageProductDependencies = (
				ACACED2025A85F4B004AB81F /* RealmSwift */,
				ACACED2225A85F4B004AB81F /* Realm */,
			);
			productName = "SwiftUI-Realm";
			productReference = ACACED0C25A85BE0004AB81F /* SwiftUI-Realm.app */;
			productType = "com.apple.product-type.application";
		};
/* End PBXNativeTarget section */

/* Begin PBXProject section */
		ACACED0425A85BE0004AB81F /* Project object */ = {
			isa = PBXProject;
			attributes = {
				LastSwiftUpdateCheck = 1230;
				LastUpgradeCheck = 1230;
				TargetAttributes = {
					ACACED0B25A85BE0004AB81F = {
						CreatedOnToolsVersion = 12.3;
					};
				};
			};
			buildConfigurationList = ACACED0725A85BE0004AB81F /* Build configuration list for PBXProject "SwiftUI-Realm" */;
			compatibilityVersion = "Xcode 9.3";
			developmentRegion = en;
			hasScannedForEncodings = 0;
			knownRegions = (
				en,
				Base,
			);
			mainGroup = ACACED0325A85BE0004AB81F;
			packageReferences = (
				ACACED1F25A85F4B004AB81F /* XCRemoteSwiftPackageReference "realm-cocoa" */,
			);
			productRefGroup = ACACED0D25A85BE0004AB81F /* Products */;
			projectDirPath = "";
			projectRoot = "";
			targets = (
				ACACED0B25A85BE0004AB81F /* SwiftUI-Realm */,
			);
		};
/* End PBXProject section */

/* Begin PBXResourcesBuildPhase section */
		ACACED0A25A85BE0004AB81F /* Resources */ = {
			isa = PBXResourcesBuildPhase;
			buildActionMask = 2147483647;
			files = (
				ACACED1725A85BE2004AB81F /* Preview Assets.xcassets in Resources */,
				ACACED1425A85BE2004AB81F /* Assets.xcassets in Resources */,
			);
			runOnlyForDeploymentPostprocessing = 0;
		};
/* End PBXResourcesBuildPhase section */

/* Begin PBXSourcesBuildPhase section */
		ACACED0825A85BE0004AB81F /* Sources */ = {
			isa = PBXSourcesBuildPhase;
			buildActionMask = 2147483647;
			files = (
				ACACED1225A85BE0004AB81F /* ContentView.swift in Sources */,
				ACACED3225A868BF004AB81F /* Card.swift in Sources */,
				ACACED2925A85FF2004AB81F /* Home.swift in Sources */,
				ACACED2F25A8627F004AB81F /* DBViewModel.swift in Sources */,
				ACACED2C25A861C5004AB81F /* Detail.swift in Sources */,
				ACACED1025A85BE0004AB81F /* SwiftUI_RealmApp.swift in Sources */,
			);
			runOnlyForDeploymentPostprocessing = 0;
		};
/* End PBXSourcesBuildPhase section */

/* Begin XCBuildConfiguration section */
		ACACED1925A85BE2004AB81F /* Debug */ = {
			isa = XCBuildConfiguration;
			buildSettings = {
				ALWAYS_SEARCH_USER_PATHS = NO;
				CLANG_ANALYZER_NONNULL = YES;
				CLANG_ANALYZER_NUMBER_OBJECT_CONVERSION = YES_AGGRESSIVE;
				CLANG_CXX_LANGUAGE_STANDARD = "gnu++14";
				CLANG_CXX_LIBRARY = "libc++";
				CLANG_ENABLE_MODULES = YES;
				CLANG_ENABLE_OBJC_ARC = YES;
				CLANG_ENABLE_OBJC_WEAK = YES;
				CLANG_WARN_BLOCK_CAPTURE_AUTORELEASING = YES;
				CLANG_WARN_BOOL_CONVERSION = YES;
				CLANG_WARN_COMMA = YES;
				CLANG_WARN_CONSTANT_CONVERSION = YES;
				CLANG_WARN_DEPRECATED_OBJC_IMPLEMENTATIONS = YES;
				CLANG_WARN_DIRECT_OBJC_ISA_USAGE = YES_ERROR;
				CLANG_WARN_DOCUMENTATION_COMMENTS = YES;
				CLANG_WARN_EMPTY_BODY = YES;
				CLANG_WARN_ENUM_CONVERSION = YES;
				CLANG_WARN_INFINITE_RECURSION = YES;
				CLANG_WARN_INT_CONVERSION = YES;
				CLANG_WARN_NON_LITERAL_NULL_CONVERSION = YES;
				CLANG_WARN_OBJC_IMPLICIT_RETAIN_SELF = YES;
				CLANG_WARN_OBJC_LITERAL_CONVERSION = YES;
				CLANG_WARN_OBJC_ROOT_CLASS = YES_ERROR;
				CLANG_WARN_QUOTED_INCLUDE_IN_FRAMEWORK_HEADER = YES;
				CLANG_WARN_RANGE_LOOP_ANALYSIS = YES;
				CLANG_WARN_STRICT_PROTOTYPES = YES;
				CLANG_WARN_SUSPICIOUS_MOVE = YES;
				CLANG_WARN_UNGUARDED_AVAILABILITY = YES_AGGRESSIVE;
				CLANG_WARN_UNREACHABLE_CODE = YES;
				CLANG_WARN__DUPLICATE_METHOD_MATCH = YES;
				COPY_PHASE_STRIP = NO;
				DEBUG_INFORMATION_FORMAT = dwarf;
				ENABLE_STRICT_OBJC_MSGSEND = YES;
				ENABLE_TESTABILITY = YES;
				GCC_C_LANGUAGE_STANDARD = gnu11;
				GCC_DYNAMIC_NO_PIC = NO;
				GCC_NO_COMMON_BLOCKS = YES;
				GCC_OPTIMIZATION_LEVEL = 0;
				GCC_PREPROCESSOR_DEFINITIONS = (
					"DEBUG=1",
					"$(inherited)",
				);
				GCC_WARN_64_TO_32_BIT_CONVERSION = YES;
				GCC_WARN_ABOUT_RETURN_TYPE = YES_ERROR;
				GCC_WARN_UNDECLARED_SELECTOR = YES;
				GCC_WARN_UNINITIALIZED_AUTOS = YES_AGGRESSIVE;
				GCC_WARN_UNUSED_FUNCTION = YES;
				GCC_WARN_UNUSED_VARIABLE = YES;
				IPHONEOS_DEPLOYMENT_TARGET = 14.3;
				MTL_ENABLE_DEBUG_INFO = INCLUDE_SOURCE;
				MTL_FAST_MATH = YES;
				ONLY_ACTIVE_ARCH = YES;
				SDKROOT = iphoneos;
				SWIFT_ACTIVE_COMPILATION_CONDITIONS = DEBUG;
				SWIFT_OPTIMIZATION_LEVEL = "-Onone";
			};
			name = Debug;
		};
		ACACED1A25A85BE2004AB81F /* Release */ = {
			isa = XCBuildConfiguration;
			buildSettings = {
				ALWAYS_SEARCH_USER_PATHS = NO;
				CLANG_ANALYZER_NONNULL = YES;
				CLANG_ANALYZER_NUMBER_OBJECT_CONVERSION = YES_AGGRESSIVE;
				CLANG_CXX_LANGUAGE_STANDARD = "gnu++14";
				CLANG_CXX_LIBRARY = "libc++";
				CLANG_ENABLE_MODULES = YES;
				CLANG_ENABLE_OBJC_ARC = YES;
				CLANG_ENABLE_OBJC_WEAK = YES;
				CLANG_WARN_BLOCK_CAPTURE_AUTORELEASING = YES;
				CLANG_WARN_BOOL_CONVERSION = YES;
				CLANG_WARN_COMMA = YES;
				CLANG_WARN_CONSTANT_CONVERSION = YES;
				CLANG_WARN_DEPRECATED_OBJC_IMPLEMENTATIONS = YES;
				CLANG_WARN_DIRECT_OBJC_ISA_USAGE = YES_ERROR;
				CLANG_WARN_DOCUMENTATION_COMMENTS = YES;
				CLANG_WARN_EMPTY_BODY = YES;
				CLANG_WARN_ENUM_CONVERSION = YES;
				CLANG_WARN_INFINITE_RECURSION = YES;
				CLANG_WARN_INT_CONVERSION = YES;
				CLANG_WARN_NON_LITERAL_NULL_CONVERSION = YES;
				CLANG_WARN_OBJC_IMPLICIT_RETAIN_SELF = YES;
				CLANG_WARN_OBJC_LITERAL_CONVERSION = YES;
				CLANG_WARN_OBJC_ROOT_CLASS = YES_ERROR;
				CLANG_WARN_QUOTED_INCLUDE_IN_FRAMEWORK_HEADER = YES;
				CLANG_WARN_RANGE_LOOP_ANALYSIS = YES;
				CLANG_WARN_STRICT_PROTOTYPES = YES;
				CLANG_WARN_SUSPICIOUS_MOVE = YES;
				CLANG_WARN_UNGUARDED_AVAILABILITY = YES_AGGRESSIVE;
				CLANG_WARN_UNREACHABLE_CODE = YES;
				CLANG_WARN__DUPLICATE_METHOD_MATCH = YES;
				COPY_PHASE_STRIP = NO;
				DEBUG_INFORMATION_FORMAT = "dwarf-with-dsym";
				ENABLE_NS_ASSERTIONS = NO;
				ENABLE_STRICT_OBJC_MSGSEND = YES;
				GCC_C_LANGUAGE_STANDARD = gnu11;
				GCC_NO_COMMON_BLOCKS = YES;
				GCC_WARN_64_TO_32_BIT_CONVERSION = YES;
				GCC_WARN_ABOUT_RETURN_TYPE = YES_ERROR;
				GCC_WARN_UNDECLARED_SELECTOR = YES;
				GCC_WARN_UNINITIALIZED_AUTOS = YES_AGGRESSIVE;
				GCC_WARN_UNUSED_FUNCTION = YES;
				GCC_WARN_UNUSED_VARIABLE = YES;
				IPHONEOS_DEPLOYMENT_TARGET = 14.3;
				MTL_ENABLE_DEBUG_INFO = NO;
				MTL_FAST_MATH = YES;
				SDKROOT = iphoneos;
				SWIFT_COMPILATION_MODE = wholemodule;
				SWIFT_OPTIMIZATION_LEVEL = "-O";
				VALIDATE_PRODUCT = YES;
			};
			name = Release;
		};
		ACACED1C25A85BE2004AB81F /* Debug */ = {
			isa = XCBuildConfiguration;
			buildSettings = {
				ASSETCATALOG_COMPILER_APPICON_NAME = AppIcon;
				ASSETCATALOG_COMPILER_GLOBAL_ACCENT_COLOR_NAME = AccentColor;
				CODE_SIGN_STYLE = Automatic;
				DEVELOPMENT_ASSET_PATHS = "\"SwiftUI-Realm/Preview Content\"";
				DEVELOPMENT_TEAM = 224SJKKLQ3;
				ENABLE_PREVIEWS = YES;
				INFOPLIST_FILE = "SwiftUI-Realm/Info.plist";
				IPHONEOS_DEPLOYMENT_TARGET = 14.0;
				LD_RUNPATH_SEARCH_PATHS = (
					"$(inherited)",
					"@executable_path/Frameworks",
				);
				PRODUCT_BUNDLE_IDENTIFIER = "iMaxiOS.SwiftUI-Realm";
				PRODUCT_NAME = "$(TARGET_NAME)";
				SWIFT_VERSION = 5.0;
				TARGETED_DEVICE_FAMILY = "1,2";
			};
			name = Debug;
		};
		ACACED1D25A85BE2004AB81F /* Release */ = {
			isa = XCBuildConfiguration;
			buildSettings = {
				ASSETCATALOG_COMPILER_APPICON_NAME = AppIcon;
				ASSETCATALOG_COMPILER_GLOBAL_ACCENT_COLOR_NAME = AccentColor;
				CODE_SIGN_IDENTITY = "Apple Development";
				CODE_SIGN_STYLE = Automatic;
				DEVELOPMENT_ASSET_PATHS = "\"SwiftUI-Realm/Preview Content\"";
				DEVELOPMENT_TEAM = 224SJKKLQ3;
				ENABLE_PREVIEWS = YES;
				INFOPLIST_FILE = "SwiftUI-Realm/Info.plist";
				IPHONEOS_DEPLOYMENT_TARGET = 14.0;
				LD_RUNPATH_SEARCH_PATHS = (
					"$(inherited)",
					"@executable_path/Frameworks",
				);
				PRODUCT_BUNDLE_IDENTIFIER = "iMaxiOS.SwiftUI-Realm";
				PRODUCT_NAME = "$(TARGET_NAME)";
				PROVISIONING_PROFILE_SPECIFIER = "";
				SWIFT_VERSION = 5.0;
				TARGETED_DEVICE_FAMILY = "1,2";
			};
			name = Release;
		};
/* End XCBuildConfiguration section */

/* Begin XCConfigurationList section */
		ACACED0725A85BE0004AB81F /* Build configuration list for PBXProject "SwiftUI-Realm" */ = {
			isa = XCConfigurationList;
			buildConfigurations = (
				ACACED1925A85BE2004AB81F /* Debug */,
				ACACED1A25A85BE2004AB81F /* Release */,
			);
			defaultConfigurationIsVisible = 0;
			defaultConfigurationName = Release;
		};
		ACACED1B25A85BE2004AB81F /* Build configuration list for PBXNativeTarget "SwiftUI-Realm" */ = {
			isa = XCConfigurationList;
			buildConfigurations = (
				ACACED1C25A85BE2004AB81F /* Debug */,
				ACACED1D25A85BE2004AB81F /* Release */,
			);
			defaultConfigurationIsVisible = 0;
			defaultConfigurationName = Release;
		};
/* End XCConfigurationList section */

/* Begin XCRemoteSwiftPackageReference section */
		ACACED1F25A85F4B004AB81F /* XCRemoteSwiftPackageReference "realm-cocoa" */ = {
			isa = XCRemoteSwiftPackageReference;
			repositoryURL = "https://github.com/realm/realm-cocoa.git";
			requirement = {
				kind = upToNextMajorVersion;
				minimumVersion = 10.5.0;
			};
		};
/* End XCRemoteSwiftPackageReference section */

/* Begin XCSwiftPackageProductDependency section */
		ACACED2025A85F4B004AB81F /* RealmSwift */ = {
			isa = XCSwiftPackageProductDependency;
			package = ACACED1F25A85F4B004AB81F /* XCRemoteSwiftPackageReference "realm-cocoa" */;
			productName = RealmSwift;
		};
		ACACED2225A85F4B004AB81F /* Realm */ = {
			isa = XCSwiftPackageProductDependency;
			package = ACACED1F25A85F4B004AB81F /* XCRemoteSwiftPackageReference "realm-cocoa" */;
			productName = Realm;
		};
/* End XCSwiftPackageProductDependency section */
	};
	rootObject = ACACED0425A85BE0004AB81F /* Project object */;
}
